
Microsoft Visual Studio Solution File, Format Version 12.00
# Visual Studio 15
VisualStudioVersion = 15.0.26124.0
MinimumVisualStudioVersion = 15.0.26124.0
Project("{2150E333-8FDC-42A3-9474-1A3956D46DE8}") = "src", "src", "{BF0EA912-A7C8-45ED-AF33-44770F340822}"
EndProject
Project("{FAE04EC0-301F-11D3-BF4B-00C04F79EFBC}") = "SqlDeployer.CmdClient", "src\SqlDeployer.CmdClient\SqlDeployer.CmdClient.csproj", "{A99BEBBA-65E8-4341-A329-F40ADA16DB06}"
EndProject
Project("{FAE04EC0-301F-11D3-BF4B-00C04F79EFBC}") = "SqlDeployer.Actions", "src\SqlDeployer.Actions\SqlDeployer.Actions.csproj", "{C823A2C7-9BA1-49DA-8FD1-B88C7BEE0843}"
EndProject
Project("{FAE04EC0-301F-11D3-BF4B-00C04F79EFBC}") = "SqlDeployer.Config", "src\SqlDeployer.Config\SqlDeployer.Config.csproj", "{4B15C3B1-FE67-438A-A35F-DE6A8546DB62}"
EndProject
Global
	GlobalSection(SolutionConfigurationPlatforms) = preSolution
		Debug|Any CPU = Debug|Any CPU
		Debug|x64 = Debug|x64
		Debug|x86 = Debug|x86
		Release|Any CPU = Release|Any CPU
		Release|x64 = Release|x64
		Release|x86 = Release|x86
	EndGlobalSection
	GlobalSection(SolutionProperties) = preSolution
		HideSolutionNode = FALSE
	EndGlobalSection
	GlobalSection(ProjectConfigurationPlatforms) = postSolution
		{A99BEBBA-65E8-4341-A329-F40ADA16DB06}.Debug|Any CPU.ActiveCfg = Debug|Any CPU
		{A99BEBBA-65E8-4341-A329-F40ADA16DB06}.Debug|Any CPU.Build.0 = Debug|Any CPU
		{A99BEBBA-65E8-4341-A329-F40ADA16DB06}.Debug|x64.ActiveCfg = Debug|Any CPU
		{A99BEBBA-65E8-4341-A329-F40ADA16DB06}.Debug|x64.Build.0 = Debug|Any CPU
		{A99BEBBA-65E8-4341-A329-F40ADA16DB06}.Debug|x86.ActiveCfg = Debug|Any CPU
		{A99BEBBA-65E8-4341-A329-F40ADA16DB06}.Debug|x86.Build.0 = Debug|Any CPU
		{A99BEBBA-65E8-4341-A329-F40ADA16DB06}.Release|Any CPU.ActiveCfg = Release|Any CPU
		{A99BEBBA-65E8-4341-A329-F40ADA16DB06}.Release|Any CPU.Build.0 = Release|Any CPU
		{A99BEBBA-65E8-4341-A329-F40ADA16DB06}.Release|x64.ActiveCfg = Release|Any CPU
		{A99BEBBA-65E8-4341-A329-F40ADA16DB06}.Release|x64.Build.0 = Release|Any CPU
		{A99BEBBA-65E8-4341-A329-F40ADA16DB06}.Release|x86.ActiveCfg = Release|Any CPU
		{A99BEBBA-65E8-4341-A329-F40ADA16DB06}.Release|x86.Build.0 = Release|Any CPU
		{C823A2C7-9BA1-49DA-8FD1-B88C7BEE0843}.Debug|Any CPU.ActiveCfg = Debug|Any CPU
		{C823A2C7-9BA1-49DA-8FD1-B88C7BEE0843}.Debug|Any CPU.Build.0 = Debug|Any CPU
		{C823A2C7-9BA1-49DA-8FD1-B88C7BEE0843}.Debug|x64.ActiveCfg = Debug|Any CPU
		{C823A2C7-9BA1-49DA-8FD1-B88C7BEE0843}.Debug|x64.Build.0 = Debug|Any CPU
		{C823A2C7-9BA1-49DA-8FD1-B88C7BEE0843}.Debug|x86.ActiveCfg = Debug|Any CPU
		{C823A2C7-9BA1-49DA-8FD1-B88C7BEE0843}.Debug|x86.Build.0 = Debug|Any CPU
		{C823A2C7-9BA1-49DA-8FD1-B88C7BEE0843}.Release|Any CPU.ActiveCfg = Release|Any CPU
		{C823A2C7-9BA1-49DA-8FD1-B88C7BEE0843}.Release|Any CPU.Build.0 = Release|Any CPU
		{C823A2C7-9BA1-49DA-8FD1-B88C7BEE0843}.Release|x64.ActiveCfg = Release|Any CPU
		{C823A2C7-9BA1-49DA-8FD1-B88C7BEE0843}.Release|x64.Build.0 = Release|Any CPU
		{C823A2C7-9BA1-49DA-8FD1-B88C7BEE0843}.Release|x86.ActiveCfg = Release|Any CPU
		{C823A2C7-9BA1-49DA-8FD1-B88C7BEE0843}.Release|x86.Build.0 = Release|Any CPU
		{4B15C3B1-FE67-438A-A35F-DE6A8546DB62}.Debug|Any CPU.ActiveCfg = Debug|Any CPU
		{4B15C3B1-FE67-438A-A35F-DE6A8546DB62}.Debug|Any CPU.Build.0 = Debug|Any CPU
		{4B15C3B1-FE67-438A-A35F-DE6A8546DB62}.Debug|x64.ActiveCfg = Debug|Any CPU
		{4B15C3B1-FE67-438A-A35F-DE6A8546DB62}.Debug|x64.Build.0 = Debug|Any CPU
		{4B15C3B1-FE67-438A-A35F-DE6A8546DB62}.Debug|x86.ActiveCfg = Debug|Any CPU
		{4B15C3B1-FE67-438A-A35F-DE6A8546DB62}.Debug|x86.Build.0 = Debug|Any CPU
		{4B15C3B1-FE67-438A-A35F-DE6A8546DB62}.Release|Any CPU.ActiveCfg = Release|Any CPU
		{4B15C3B1-FE67-438A-A35F-DE6A8546DB62}.Release|Any CPU.Build.0 = Release|Any CPU
		{4B15C3B1-FE67-438A-A35F-DE6A8546DB62}.Release|x64.ActiveCfg = Release|Any CPU
		{4B15C3B1-FE67-438A-A35F-DE6A8546DB62}.Release|x64.Build.0 = Release|Any CPU
		{4B15C3B1-FE67-438A-A35F-DE6A8546DB62}.Release|x86.ActiveCfg = Release|Any CPU
		{4B15C3B1-FE67-438A-A35F-DE6A8546DB62}.Release|x86.Build.0 = Release|Any CPU
	EndGlobalSection
	GlobalSection(NestedProjects) = preSolution
		{A99BEBBA-65E8-4341-A329-F40ADA16DB06} = {BF0EA912-A7C8-45ED-AF33-44770F340822}
		{C823A2C7-9BA1-49DA-8FD1-B88C7BEE0843} = {BF0EA912-A7C8-45ED-AF33-44770F340822}
		{4B15C3B1-FE67-438A-A35F-DE6A8546DB62} = {BF0EA912-A7C8-45ED-AF33-44770F340822}
	EndGlobalSection
EndGlobal
